
Microsoft Visual Studio Solution File, Format Version 12.00
# Visual Studio Version 17
VisualStudioVersion = 17.2.32630.192
MinimumVisualStudioVersion = 10.0.40219.1
Project("{FAE04EC0-301F-11D3-BF4B-00C04F79EFBC}") = "Minimization", "Minimization\Minimization.csproj", "{11AA4F4A-BE75-4D66-A5FB-6B62CDDCA86E}"
EndProject
Global
	GlobalSection(SolutionConfigurationPlatforms) = preSolution
		Debug|Any CPU = Debug|Any CPU
		Release|Any CPU = Release|Any CPU
	EndGlobalSection
	GlobalSection(ProjectConfigurationPlatforms) = postSolution
		{11AA4F4A-BE75-4D66-A5FB-6B62CDDCA86E}.Debug|Any CPU.ActiveCfg = Debug|Any CPU
		{11AA4F4A-BE75-4D66-A5FB-6B62CDDCA86E}.Debug|Any CPU.Build.0 = Debug|Any CPU
		{11AA4F4A-BE75-4D66-A5FB-6B62CDDCA86E}.Release|Any CPU.ActiveCfg = Release|Any CPU
		{11AA4F4A-BE75-4D66-A5FB-6B62CDDCA86E}.Release|Any CPU.Build.0 = Release|Any CPU
	EndGlobalSection
	GlobalSection(SolutionProperties) = preSolution
		HideSolutionNode = FALSE
	EndGlobalSection
	GlobalSection(ExtensibilityGlobals) = postSolution
		SolutionGuid = {F9DEDBD2-B9BE-43BF-B370-EBB962B92B5E}
	EndGlobalSection
EndGlobal
